apiVersion: vendir.k14s.io/v1alpha1
directories:
- contents:
  - git:
      commitTitle: 'Merge pull request #392 from owncloud/drop-kubernetes-version-enforcement-and-support-1.28...'
      sha: 0f7148b1c37f9bf37847126778911a2d07592ee9
      tags:
      - v0.5.0
    path: .
  path: envs/zoo/_apps/ocis/vendor/charts/ocis
kind: LockConfig
